
Microsoft Visual Studio Solution File, Format Version 12.00
# Visual Studio Version 17
VisualStudioVersion = 17.14.37203.1 d17.14
MinimumVisualStudioVersion = 10.0.40219.1
Project("{FAE04EC0-301F-11D3-BF4B-00C04F79EFBC}") = "YumBlazor", "YumBlazor\YumBlazor.csproj", "{B8FCE96C-94B6-4A7D-9E57-47AC8FB9CFA5}"
EndProject
Global
	GlobalSection(SolutionConfigurationPlatforms) = preSolution
		Debug|Any CPU = Debug|Any CPU
		Release|Any CPU = Release|Any CPU
	EndGlobalSection
	GlobalSection(ProjectConfigurationPlatforms) = postSolution
		{B8FCE96C-94B6-4A7D-9E57-47AC8FB9CFA5}.Debug|Any CPU.ActiveCfg = Debug|Any CPU
		{B8FCE96C-94B6-4A7D-9E57-47AC8FB9CFA5}.Debug|Any CPU.Build.0 = Debug|Any CPU
		{B8FCE96C-94B6-4A7D-9E57-47AC8FB9CFA5}.Release|Any CPU.ActiveCfg = Release|Any CPU
		{B8FCE96C-94B6-4A7D-9E57-47AC8FB9CFA5}.Release|Any CPU.Build.0 = Release|Any CPU
	EndGlobalSection
	GlobalSection(SolutionProperties) = preSolution
		HideSolutionNode = FALSE
	EndGlobalSection
	GlobalSection(ExtensibilityGlobals) = postSolution
		SolutionGuid = {33472083-EC4D-473B-AEA6-D9DC0B19EFE9}
	EndGlobalSection
EndGlobal
